
Microsoft Visual Studio Solution File, Format Version 12.00
# Visual Studio 15
VisualStudioVersion = 15.0.27703.2035
MinimumVisualStudioVersion = 10.0.40219.1
Project("{00D1A9C2-B5F0-4AF3-8072-F6C62B433612}") = "DB", "DB\DB.sqlproj", "{A46EC831-3C31-47D2-B7D1-373EA598D3FD}"
EndProject
Project("{FAE04EC0-301F-11D3-BF4B-00C04F79EFBC}") = "Model", "Model\Model.csproj", "{99970B7C-A03A-429D-A9D1-0B34E6881891}"
EndProject
Project("{FAE04EC0-301F-11D3-BF4B-00C04F79EFBC}") = "Common", "Common\Common.csproj", "{821F2F05-ADAF-40ED-A5BA-347FF31A61F9}"
EndProject
Project("{FAE04EC0-301F-11D3-BF4B-00C04F79EFBC}") = "API", "API\API.csproj", "{570747AF-2955-4ACA-9219-BB59E4CAFA5B}"
EndProject
Project("{FAE04EC0-301F-11D3-BF4B-00C04F79EFBC}") = "UI", "UI\UI.csproj", "{B385755C-38E6-4811-A242-6504E6C1A0E1}"
EndProject
Project("{FAE04EC0-301F-11D3-BF4B-00C04F79EFBC}") = "EF", "EF\EF.csproj", "{1067E46C-CEE1-42AC-8F62-992646B6C582}"
EndProject
Global
	GlobalSection(SolutionConfigurationPlatforms) = preSolution
		Debug|Any CPU = Debug|Any CPU
		Release|Any CPU = Release|Any CPU
	EndGlobalSection
	GlobalSection(ProjectConfigurationPlatforms) = postSolution
		{A46EC831-3C31-47D2-B7D1-373EA598D3FD}.Debug|Any CPU.ActiveCfg = Debug|Any CPU
		{A46EC831-3C31-47D2-B7D1-373EA598D3FD}.Debug|Any CPU.Build.0 = Debug|Any CPU
		{A46EC831-3C31-47D2-B7D1-373EA598D3FD}.Debug|Any CPU.Deploy.0 = Debug|Any CPU
		{A46EC831-3C31-47D2-B7D1-373EA598D3FD}.Release|Any CPU.ActiveCfg = Release|Any CPU
		{A46EC831-3C31-47D2-B7D1-373EA598D3FD}.Release|Any CPU.Build.0 = Release|Any CPU
		{A46EC831-3C31-47D2-B7D1-373EA598D3FD}.Release|Any CPU.Deploy.0 = Release|Any CPU
		{99970B7C-A03A-429D-A9D1-0B34E6881891}.Debug|Any CPU.ActiveCfg = Debug|Any CPU
		{99970B7C-A03A-429D-A9D1-0B34E6881891}.Debug|Any CPU.Build.0 = Debug|Any CPU
		{99970B7C-A03A-429D-A9D1-0B34E6881891}.Release|Any CPU.ActiveCfg = Release|Any CPU
		{99970B7C-A03A-429D-A9D1-0B34E6881891}.Release|Any CPU.Build.0 = Release|Any CPU
		{821F2F05-ADAF-40ED-A5BA-347FF31A61F9}.Debug|Any CPU.ActiveCfg = Debug|Any CPU
		{821F2F05-ADAF-40ED-A5BA-347FF31A61F9}.Debug|Any CPU.Build.0 = Debug|Any CPU
		{821F2F05-ADAF-40ED-A5BA-347FF31A61F9}.Release|Any CPU.ActiveCfg = Release|Any CPU
		{821F2F05-ADAF-40ED-A5BA-347FF31A61F9}.Release|Any CPU.Build.0 = Release|Any CPU
		{570747AF-2955-4ACA-9219-BB59E4CAFA5B}.Debug|Any CPU.ActiveCfg = Debug|Any CPU
		{570747AF-2955-4ACA-9219-BB59E4CAFA5B}.Debug|Any CPU.Build.0 = Debug|Any CPU
		{570747AF-2955-4ACA-9219-BB59E4CAFA5B}.Release|Any CPU.ActiveCfg = Release|Any CPU
		{570747AF-2955-4ACA-9219-BB59E4CAFA5B}.Release|Any CPU.Build.0 = Release|Any CPU
		{B385755C-38E6-4811-A242-6504E6C1A0E1}.Debug|Any CPU.ActiveCfg = Debug|Any CPU
		{B385755C-38E6-4811-A242-6504E6C1A0E1}.Debug|Any CPU.Build.0 = Debug|Any CPU
		{B385755C-38E6-4811-A242-6504E6C1A0E1}.Release|Any CPU.ActiveCfg = Release|Any CPU
		{B385755C-38E6-4811-A242-6504E6C1A0E1}.Release|Any CPU.Build.0 = Release|Any CPU
		{1067E46C-CEE1-42AC-8F62-992646B6C582}.Debug|Any CPU.ActiveCfg = Debug|Any CPU
		{1067E46C-CEE1-42AC-8F62-992646B6C582}.Debug|Any CPU.Build.0 = Debug|Any CPU
		{1067E46C-CEE1-42AC-8F62-992646B6C582}.Release|Any CPU.ActiveCfg = Release|Any CPU
		{1067E46C-CEE1-42AC-8F62-992646B6C582}.Release|Any CPU.Build.0 = Release|Any CPU
	EndGlobalSection
	GlobalSection(SolutionProperties) = preSolution
		HideSolutionNode = FALSE
	EndGlobalSection
	GlobalSection(ExtensibilityGlobals) = postSolution
		SolutionGuid = {33B5C85A-91C4-442B-99C6-906C201D1A97}
	EndGlobalSection
EndGlobal
