
Microsoft Visual Studio Solution File, Format Version 12.00
# Visual Studio 15
VisualStudioVersion = 15.0.27703.2035
MinimumVisualStudioVersion = 10.0.40219.1
Project("{00D1A9C2-B5F0-4AF3-8072-F6C62B433612}") = "DB.Card", "DB\DB.Card.sqlproj", "{A46EC831-3C31-47D2-B7D1-373EA598D3FD}"
EndProject
Project("{9A19103F-16F7-4668-BE54-9A1E7A4F7556}") = "Model", "Model\Model.csproj", "{99970B7C-A03A-429D-A9D1-0B34E6881891}"
EndProject
Project("{9A19103F-16F7-4668-BE54-9A1E7A4F7556}") = "Common", "Common\Common.csproj", "{821F2F05-ADAF-40ED-A5BA-347FF31A61F9}"
EndProject
Project("{9A19103F-16F7-4668-BE54-9A1E7A4F7556}") = "API.Card", "API\API.Card.csproj", "{570747AF-2955-4ACA-9219-BB59E4CAFA5B}"
EndProject
Project("{9A19103F-16F7-4668-BE54-9A1E7A4F7556}") = "UI", "UI\UI.csproj", "{B385755C-38E6-4811-A242-6504E6C1A0E1}"
EndProject
Project("{9A19103F-16F7-4668-BE54-9A1E7A4F7556}") = "EF.Card", "EF\EF.Card.csproj", "{1067E46C-CEE1-42AC-8F62-992646B6C582}"
EndProject
Project("{2150E333-8FDC-42A3-9474-1A3956D46DE8}") = "API", "API", "{264DFB5A-4351-44A1-879F-DE348E4D34ED}"
EndProject
Project("{2150E333-8FDC-42A3-9474-1A3956D46DE8}") = "App", "App", "{08AECCA9-F454-446F-B902-DCD0B1314E9B}"
EndProject
Project("{2150E333-8FDC-42A3-9474-1A3956D46DE8}") = "DB", "DB", "{4E6E6EDE-F33C-4B99-B0DB-2282E2812840}"
EndProject
Project("{2150E333-8FDC-42A3-9474-1A3956D46DE8}") = "Models", "Models", "{7F751210-EE04-42F9-A414-A68DEC24FC39}"
EndProject
Project("{2150E333-8FDC-42A3-9474-1A3956D46DE8}") = "EF", "EF", "{3EE9C72B-E22C-481F-84B4-6FBD261600CA}"
EndProject
Project("{2150E333-8FDC-42A3-9474-1A3956D46DE8}") = "Commons", "Commons", "{726F8DDE-673E-4CD6-A27D-B8DE9D9DAE62}"
EndProject
Project("{9A19103F-16F7-4668-BE54-9A1E7A4F7556}") = "EF.Core", "Core\EF.Core.csproj", "{3E111ACB-CF2A-43C4-88DB-C18A54BA8BFF}"
EndProject
Project("{FAE04EC0-301F-11D3-BF4B-00C04F79EFBC}") = "WebApplication1", "WebApplication1\WebApplication1.csproj", "{46AF6434-3E10-47D8-874F-FC8FD455E4D3}"
EndProject
Global
	GlobalSection(SolutionConfigurationPlatforms) = preSolution
		Debug|Any CPU = Debug|Any CPU
		Release|Any CPU = Release|Any CPU
	EndGlobalSection
	GlobalSection(ProjectConfigurationPlatforms) = postSolution
		{A46EC831-3C31-47D2-B7D1-373EA598D3FD}.Debug|Any CPU.ActiveCfg = Debug|Any CPU
		{A46EC831-3C31-47D2-B7D1-373EA598D3FD}.Debug|Any CPU.Build.0 = Debug|Any CPU
		{A46EC831-3C31-47D2-B7D1-373EA598D3FD}.Debug|Any CPU.Deploy.0 = Debug|Any CPU
		{A46EC831-3C31-47D2-B7D1-373EA598D3FD}.Release|Any CPU.ActiveCfg = Release|Any CPU
		{A46EC831-3C31-47D2-B7D1-373EA598D3FD}.Release|Any CPU.Build.0 = Release|Any CPU
		{A46EC831-3C31-47D2-B7D1-373EA598D3FD}.Release|Any CPU.Deploy.0 = Release|Any CPU
		{99970B7C-A03A-429D-A9D1-0B34E6881891}.Debug|Any CPU.ActiveCfg = Debug|Any CPU
		{99970B7C-A03A-429D-A9D1-0B34E6881891}.Debug|Any CPU.Build.0 = Debug|Any CPU
		{99970B7C-A03A-429D-A9D1-0B34E6881891}.Release|Any CPU.ActiveCfg = Release|Any CPU
		{99970B7C-A03A-429D-A9D1-0B34E6881891}.Release|Any CPU.Build.0 = Release|Any CPU
		{821F2F05-ADAF-40ED-A5BA-347FF31A61F9}.Debug|Any CPU.ActiveCfg = Debug|Any CPU
		{821F2F05-ADAF-40ED-A5BA-347FF31A61F9}.Debug|Any CPU.Build.0 = Debug|Any CPU
		{821F2F05-ADAF-40ED-A5BA-347FF31A61F9}.Release|Any CPU.ActiveCfg = Release|Any CPU
		{821F2F05-ADAF-40ED-A5BA-347FF31A61F9}.Release|Any CPU.Build.0 = Release|Any CPU
		{570747AF-2955-4ACA-9219-BB59E4CAFA5B}.Debug|Any CPU.ActiveCfg = Debug|Any CPU
		{570747AF-2955-4ACA-9219-BB59E4CAFA5B}.Debug|Any CPU.Build.0 = Debug|Any CPU
		{570747AF-2955-4ACA-9219-BB59E4CAFA5B}.Release|Any CPU.ActiveCfg = Release|Any CPU
		{570747AF-2955-4ACA-9219-BB59E4CAFA5B}.Release|Any CPU.Build.0 = Release|Any CPU
		{B385755C-38E6-4811-A242-6504E6C1A0E1}.Debug|Any CPU.ActiveCfg = Debug|Any CPU
		{B385755C-38E6-4811-A242-6504E6C1A0E1}.Debug|Any CPU.Build.0 = Debug|Any CPU
		{B385755C-38E6-4811-A242-6504E6C1A0E1}.Release|Any CPU.ActiveCfg = Release|Any CPU
		{B385755C-38E6-4811-A242-6504E6C1A0E1}.Release|Any CPU.Build.0 = Release|Any CPU
		{1067E46C-CEE1-42AC-8F62-992646B6C582}.Debug|Any CPU.ActiveCfg = Debug|Any CPU
		{1067E46C-CEE1-42AC-8F62-992646B6C582}.Debug|Any CPU.Build.0 = Debug|Any CPU
		{1067E46C-CEE1-42AC-8F62-992646B6C582}.Release|Any CPU.ActiveCfg = Release|Any CPU
		{1067E46C-CEE1-42AC-8F62-992646B6C582}.Release|Any CPU.Build.0 = Release|Any CPU
		{3E111ACB-CF2A-43C4-88DB-C18A54BA8BFF}.Debug|Any CPU.ActiveCfg = Debug|Any CPU
		{3E111ACB-CF2A-43C4-88DB-C18A54BA8BFF}.Debug|Any CPU.Build.0 = Debug|Any CPU
		{3E111ACB-CF2A-43C4-88DB-C18A54BA8BFF}.Release|Any CPU.ActiveCfg = Release|Any CPU
		{3E111ACB-CF2A-43C4-88DB-C18A54BA8BFF}.Release|Any CPU.Build.0 = Release|Any CPU
		{46AF6434-3E10-47D8-874F-FC8FD455E4D3}.Debug|Any CPU.ActiveCfg = Debug|Any CPU
		{46AF6434-3E10-47D8-874F-FC8FD455E4D3}.Debug|Any CPU.Build.0 = Debug|Any CPU
		{46AF6434-3E10-47D8-874F-FC8FD455E4D3}.Release|Any CPU.ActiveCfg = Release|Any CPU
		{46AF6434-3E10-47D8-874F-FC8FD455E4D3}.Release|Any CPU.Build.0 = Release|Any CPU
	EndGlobalSection
	GlobalSection(SolutionProperties) = preSolution
		HideSolutionNode = FALSE
	EndGlobalSection
	GlobalSection(NestedProjects) = preSolution
		{A46EC831-3C31-47D2-B7D1-373EA598D3FD} = {4E6E6EDE-F33C-4B99-B0DB-2282E2812840}
		{99970B7C-A03A-429D-A9D1-0B34E6881891} = {7F751210-EE04-42F9-A414-A68DEC24FC39}
		{821F2F05-ADAF-40ED-A5BA-347FF31A61F9} = {726F8DDE-673E-4CD6-A27D-B8DE9D9DAE62}
		{570747AF-2955-4ACA-9219-BB59E4CAFA5B} = {264DFB5A-4351-44A1-879F-DE348E4D34ED}
		{B385755C-38E6-4811-A242-6504E6C1A0E1} = {08AECCA9-F454-446F-B902-DCD0B1314E9B}
		{1067E46C-CEE1-42AC-8F62-992646B6C582} = {3EE9C72B-E22C-481F-84B4-6FBD261600CA}
		{3E111ACB-CF2A-43C4-88DB-C18A54BA8BFF} = {3EE9C72B-E22C-481F-84B4-6FBD261600CA}
		{46AF6434-3E10-47D8-874F-FC8FD455E4D3} = {08AECCA9-F454-446F-B902-DCD0B1314E9B}
	EndGlobalSection
	GlobalSection(ExtensibilityGlobals) = postSolution
		SolutionGuid = {33B5C85A-91C4-442B-99C6-906C201D1A97}
	EndGlobalSection
EndGlobal
